
Microsoft Visual Studio Solution File, Format Version 12.00
# Visual Studio 14
VisualStudioVersion = 14.0.25420.1
MinimumVisualStudioVersion = 10.0.40219.1
Project("{8BC9CEB8-8B4A-11D0-8D11-00A0C91BC942}") = "References", "References\References.vcxproj", "{B06A17DD-69E0-4E3F-B04D-1C3DCEE57BFE}"
EndProject
Project("{8BC9CEB8-8B4A-11D0-8D11-00A0C91BC942}") = "Exercise", "Exercise\Exercise.vcxproj", "{A39F5840-4934-4F89-8D9E-93A54A0BB613}"
EndProject
Project("{8BC9CEB8-8B4A-11D0-8D11-00A0C91BC942}") = "ConstantExercise", "ConstantExercise\ConstantExercise.vcxproj", "{BBB0C80C-29EE-4178-A7CB-F04F78FCE3A8}"
EndProject
Global
	GlobalSection(SolutionConfigurationPlatforms) = preSolution
		Debug|x64 = Debug|x64
		Debug|x86 = Debug|x86
		Release|x64 = Release|x64
		Release|x86 = Release|x86
	EndGlobalSection
	GlobalSection(ProjectConfigurationPlatforms) = postSolution
		{B06A17DD-69E0-4E3F-B04D-1C3DCEE57BFE}.Debug|x64.ActiveCfg = Debug|x64
		{B06A17DD-69E0-4E3F-B04D-1C3DCEE57BFE}.Debug|x64.Build.0 = Debug|x64
		{B06A17DD-69E0-4E3F-B04D-1C3DCEE57BFE}.Debug|x86.ActiveCfg = Debug|Win32
		{B06A17DD-69E0-4E3F-B04D-1C3DCEE57BFE}.Debug|x86.Build.0 = Debug|Win32
		{B06A17DD-69E0-4E3F-B04D-1C3DCEE57BFE}.Release|x64.ActiveCfg = Release|x64
		{B06A17DD-69E0-4E3F-B04D-1C3DCEE57BFE}.Release|x64.Build.0 = Release|x64
		{B06A17DD-69E0-4E3F-B04D-1C3DCEE57BFE}.Release|x86.ActiveCfg = Release|Win32
		{B06A17DD-69E0-4E3F-B04D-1C3DCEE57BFE}.Release|x86.Build.0 = Release|Win32
		{A39F5840-4934-4F89-8D9E-93A54A0BB613}.Debug|x64.ActiveCfg = Debug|x64
		{A39F5840-4934-4F89-8D9E-93A54A0BB613}.Debug|x64.Build.0 = Debug|x64
		{A39F5840-4934-4F89-8D9E-93A54A0BB613}.Debug|x86.ActiveCfg = Debug|Win32
		{A39F5840-4934-4F89-8D9E-93A54A0BB613}.Debug|x86.Build.0 = Debug|Win32
		{A39F5840-4934-4F89-8D9E-93A54A0BB613}.Release|x64.ActiveCfg = Release|x64
		{A39F5840-4934-4F89-8D9E-93A54A0BB613}.Release|x64.Build.0 = Release|x64
		{A39F5840-4934-4F89-8D9E-93A54A0BB613}.Release|x86.ActiveCfg = Release|Win32
		{A39F5840-4934-4F89-8D9E-93A54A0BB613}.Release|x86.Build.0 = Release|Win32
		{BBB0C80C-29EE-4178-A7CB-F04F78FCE3A8}.Debug|x64.ActiveCfg = Debug|x64
		{BBB0C80C-29EE-4178-A7CB-F04F78FCE3A8}.Debug|x64.Build.0 = Debug|x64
		{BBB0C80C-29EE-4178-A7CB-F04F78FCE3A8}.Debug|x86.ActiveCfg = Debug|Win32
		{BBB0C80C-29EE-4178-A7CB-F04F78FCE3A8}.Debug|x86.Build.0 = Debug|Win32
		{BBB0C80C-29EE-4178-A7CB-F04F78FCE3A8}.Release|x64.ActiveCfg = Release|x64
		{BBB0C80C-29EE-4178-A7CB-F04F78FCE3A8}.Release|x64.Build.0 = Release|x64
		{BBB0C80C-29EE-4178-A7CB-F04F78FCE3A8}.Release|x86.ActiveCfg = Release|Win32
		{BBB0C80C-29EE-4178-A7CB-F04F78FCE3A8}.Release|x86.Build.0 = Release|Win32
	EndGlobalSection
	GlobalSection(SolutionProperties) = preSolution
		HideSolutionNode = FALSE
	EndGlobalSection
EndGlobal
